
Microsoft Visual Studio Solution File, Format Version 12.00
# Visual Studio Version 16
VisualStudioVersion = 16.0.29025.244
MinimumVisualStudioVersion = 10.0.40219.1
Project("{FAE04EC0-301F-11D3-BF4B-00C04F79EFBC}") = "InClassProject1", "InClassProject1.csproj", "{57F9BFCC-4945-47C8-9F7E-3915330A342E}"
EndProject
Global
	GlobalSection(SolutionConfigurationPlatforms) = preSolution
		Debug|Any CPU = Debug|Any CPU
		Release|Any CPU = Release|Any CPU
	EndGlobalSection
	GlobalSection(ProjectConfigurationPlatforms) = postSolution
		{57F9BFCC-4945-47C8-9F7E-3915330A342E}.Debug|Any CPU.ActiveCfg = Debug|Any CPU
		{57F9BFCC-4945-47C8-9F7E-3915330A342E}.Debug|Any CPU.Build.0 = Debug|Any CPU
		{57F9BFCC-4945-47C8-9F7E-3915330A342E}.Release|Any CPU.ActiveCfg = Release|Any CPU
		{57F9BFCC-4945-47C8-9F7E-3915330A342E}.Release|Any CPU.Build.0 = Release|Any CPU
	EndGlobalSection
	GlobalSection(SolutionProperties) = preSolution
		HideSolutionNode = FALSE
	EndGlobalSection
	GlobalSection(ExtensibilityGlobals) = postSolution
		SolutionGuid = {3668649E-6FA8-4390-B210-4C5E88EEDB70}
	EndGlobalSection
EndGlobal
